PODS:
  - Alamofire (4.3.0)
  - APScheduledLocationManager (1.0.0)
  - EVReflection (4.0.10):
    - EVReflection/Core (= 4.0.10)
  - EVReflection/Core (4.0.10)
  - Firebase/Core (3.11.0):
    - FirebaseAnalytics (= 3.6.0)
    - FirebaseCore (= 3.4.6)
  - Firebase/Crash (3.11.0):
    - Firebase/Core
    - FirebaseCrash (= 1.1.4)
  - Firebase/Database (3.11.0):
    - Firebase/Core
    - FirebaseDatabase (= 3.1.1)
  - FirebaseAnalytics (3.6.0):
    - FirebaseCore (~> 3.4)
    - FirebaseInstanceID (~> 1.0)
    - GoogleInterchangeUtilities (~> 1.2)
    - GoogleSymbolUtilities (~> 1.1)
    - GoogleToolboxForMac/NSData+zlib (~> 2.1)
  - FirebaseCore (3.4.6):
    - GoogleInterchangeUtilities (~> 1.2)
    - GoogleToolboxForMac/NSData+zlib (~> 2.1)
  - FirebaseCrash (1.1.4):
    - FirebaseAnalytics (~> 3.5)
    - FirebaseInstanceID (~> 1.0)
    - GoogleInterchangeUtilities (~> 1.2)
    - GoogleSymbolUtilities (~> 1.1)
    - GoogleToolboxForMac/Logger (~> 2.1)
    - GoogleToolboxForMac/NSData+zlib (~> 2.1)
  - FirebaseDatabase (3.1.1):
    - FirebaseAnalytics (~> 3.5)
  - FirebaseInstanceID (1.0.8)
  - GoogleInterchangeUtilities (1.2.2):
    - GoogleSymbolUtilities (~> 1.1)
  - GoogleMaps (2.1.1):
    - GoogleMaps/Maps (= 2.1.1)
  - GoogleMaps/Base (2.1.1)
  - GoogleMaps/Maps (2.1.1):
    - GoogleMaps/Base
  - GoogleSymbolUtilities (1.1.2)
  - GoogleToolboxForMac/Defines (2.1.1)
  - GoogleToolboxForMac/Logger (2.1.1):
    - GoogleToolboxForMac/Defines (= 2.1.1)
  - GoogleToolboxForMac/NSData+zlib (2.1.1):
    - GoogleToolboxForMac/Defines (= 2.1.1)
  - mailcore2-ios (0.6.4)
  - MBProgressHUD (1.0.0)
  - SDWebImage (3.8.2):
    - SDWebImage/Core (= 3.8.2)
  - SDWebImage/Core (3.8.2)

DEPENDENCIES:
  - Alamofire
  - APScheduledLocationManager
  - EVReflection
  - Firebase/Core
  - Firebase/Crash
  - Firebase/Database
  - GoogleMaps
  - mailcore2-ios
  - MBProgressHUD
  - SDWebImage

SPEC CHECKSUMS:
  Alamofire: 856a113053a7bc9cbe5d6367a555d773fc5cfef7
  APScheduledLocationManager: 6d85e57fbaf251d3447cff38d055d28ea0b2289f
  EVReflection: 7121685ae97d9cc71a5e858ffd456dba67edbc8d
  Firebase: b8134e285eb33201115bc688bc5d7f112923bc1f
  FirebaseAnalytics: 9c67af0ebeb8d2146c9b4ea2616439affa947b58
  FirebaseCore: 03da1cb32615569bbc2830a22f9ad753d9a02ef5
  FirebaseCrash: 34f0349908ec87945a5ae96c402e7201a3f3aede
  FirebaseDatabase: 6de92187481ff0e8e124064f21742e95ee883b02
  FirebaseInstanceID: ba1e640935235e5fac39dfa816fe7660e72e1a8a
  GoogleInterchangeUtilities: d5bc4d88d5b661ab72f9d70c58d02ca8c27ad1f7
  GoogleMaps: a5b5bbe47734e2443bde781a6aa64e69fdb6d785
  GoogleSymbolUtilities: 631ee17048aa5e9ab133470d768ea997a5ef9b96
  GoogleToolboxForMac: 8e329f1b599f2512c6b10676d45736bcc2cbbeb0
  mailcore2-ios: 3ff0be2fa553d4da9c11d39c11d51863c768f24f
  MBProgressHUD: 4890f671c94e8a0f3cf959aa731e9de2f036d71a
  SDWebImage: 098e97e6176540799c27e804c96653ee0833d13c

PODFILE CHECKSUM: f471f868248c8ce4f152b950e18522e50e5f1799

COCOAPODS: 1.1.1
